// !$*UTF8*$!
{
	archiveVersion = 1;
	classes = {
	};
	objectVersion = 46;
	objects = {

/* Begin PBXBuildFile section */
		931084FA185000ED007A5E58 /* SVSDetailViewController.m in Sources */ = {isa = PBXBuildFile; fileRef = 931084F9185000ED007A5E58 /* SVSDetailViewController.m */; };
		93270D11184EA949004CAC0B /* Model.xcdatamodeld in Sources */ = {isa = PBXBuildFile; fileRef = 93270D0F184EA949004CAC0B /* Model.xcdatamodeld */; };
		935CDAAB185029BA0014B7C5 /* LittUser.m in Sources */ = {isa = PBXBuildFile; fileRef = 935CDAAA185029BA0014B7C5 /* LittUser.m */; };
		935CDAAD1851615B0014B7C5 /* litterlogin.png in Resources */ = {isa = PBXBuildFile; fileRef = 935CDAAC1851615B0014B7C5 /* litterlogin.png */; };
		93E1B518184C194800DFF519 /* SVSTableViewController.m in Sources */ = {isa = PBXBuildFile; fileRef = 93E1B517184C194800DFF519 /* SVSTableViewController.m */; };
		93E1B51B184C1AE100DFF519 /* SVSLoginViewController.m in Sources */ = {isa = PBXBuildFile; fileRef = 93E1B51A184C1AE100DFF519 /* SVSLoginViewController.m */; };
		93EF579C184F7A5D002CBC0C /* Litt.m in Sources */ = {isa = PBXBuildFile; fileRef = 93EF579B184F7A5D002CBC0C /* Litt.m */; };
		93EF579F184FA3BF002CBC0C /* SVSNewUserViewController.m in Sources */ = {isa = PBXBuildFile; fileRef = 93EF579E184FA3BF002CBC0C /* SVSNewUserViewController.m */; };
		93F11B7A184BA042000BA076 /* Foundation.framework in Frameworks */ = {isa = PBXBuildFile; fileRef = 93F11B79184BA042000BA076 /* Foundation.framework */; };
		93F11B7C184BA042000BA076 /* CoreGraphics.framework in Frameworks */ = {isa = PBXBuildFile; fileRef = 93F11B7B184BA042000BA076 /* CoreGraphics.framework */; };
		93F11B7E184BA042000BA076 /* UIKit.framework in Frameworks */ = {isa = PBXBuildFile; fileRef = 93F11B7D184BA042000BA076 /* UIKit.framework */; };
		93F11B84184BA042000BA076 /* InfoPlist.strings in Resources */ = {isa = PBXBuildFile; fileRef = 93F11B82184BA042000BA076 /* InfoPlist.strings */; };
		93F11B86184BA042000BA076 /* main.m in Sources */ = {isa = PBXBuildFile; fileRef = 93F11B85184BA042000BA076 /* main.m */; };
		93F11B8A184BA042000BA076 /* SVSAppDelegate.m in Sources */ = {isa = PBXBuildFile; fileRef = 93F11B89184BA042000BA076 /* SVSAppDelegate.m */; };
		93F11B8D184BA042000BA076 /* Main.storyboard in Resources */ = {isa = PBXBuildFile; fileRef = 93F11B8B184BA042000BA076 /* Main.storyboard */; };
		93F11B92184BA042000BA076 /* Images.xcassets in Resources */ = {isa = PBXBuildFile; fileRef = 93F11B91184BA042000BA076 /* Images.xcassets */; };
		93F11B99184BA042000BA076 /* XCTest.framework in Frameworks */ = {isa = PBXBuildFile; fileRef = 93F11B98184BA042000BA076 /* XCTest.framework */; };
		93F11B9A184BA042000BA076 /* Foundation.framework in Frameworks */ = {isa = PBXBuildFile; fileRef = 93F11B79184BA042000BA076 /* Foundation.framework */; };
		93F11B9B184BA042000BA076 /* UIKit.framework in Frameworks */ = {isa = PBXBuildFile; fileRef = 93F11B7D184BA042000BA076 /* UIKit.framework */; };
		93F11BA3184BA042000BA076 /* InfoPlist.strings in Resources */ = {isa = PBXBuildFile; fileRef = 93F11BA1184BA042000BA076 /* InfoPlist.strings */; };
		93F11BA5184BA042000BA076 /* Litter_MobileTests.m in Sources */ = {isa = PBXBuildFile; fileRef = 93F11BA4184BA042000BA076 /* Litter_MobileTests.m */; };
		93F11BAF184BACAE000BA076 /* user_data.plist in Resources */ = {isa = PBXBuildFile; fileRef = 93F11BAE184BACAE000BA076 /* user_data.plist */; };
/* End PBXBuildFile section */

/* Begin PBXContainerItemProxy section */
		93F11B9C184BA042000BA076 /* PBXContainerItemProxy */ = {
			isa = PBXContainerItemProxy;
			containerPortal = 93F11B6E184BA042000BA076 /* Project object */;
			proxyType = 1;
			remoteGlobalIDString = 93F11B75184BA042000BA076;
			remoteInfo = "Litter Mobile";
		};
/* End PBXContainerItemProxy section */

/* Begin PBXFileReference section */
		931084F8185000ED007A5E58 /* SVSDetailViewController.h */ = {isa = PBXFileReference; fileEncoding = 4; lastKnownFileType = sourcecode.c.h; path = SVSDetailViewController.h; sourceTree = "<group>"; };
		931084F9185000ED007A5E58 /* SVSDetailViewController.m */ = {isa = PBXFileReference; fileEncoding = 4; lastKnownFileType = sourcecode.c.objc; path = SVSDetailViewController.m; sourceTree = "<group>"; };
		93270D10184EA949004CAC0B /* Model.xcdatamodel */ = {isa = PBXFileReference; lastKnownFileType = wrapper.xcdatamodel; path = Model.xcdatamodel; sourceTree = "<group>"; };
		935CDAA9185029BA0014B7C5 /* LittUser.h */ = {isa = PBXFileReference; fileEncoding = 4; lastKnownFileType = sourcecode.c.h; path = LittUser.h; sourceTree = "<group>"; };
		935CDAAA185029BA0014B7C5 /* LittUser.m */ = {isa = PBXFileReference; fileEncoding = 4; lastKnownFileType = sourcecode.c.objc; path = LittUser.m; sourceTree = "<group>"; };
		935CDAAC1851615B0014B7C5 /* litterlogin.png */ = {isa = PBXFileReference; lastKnownFileType = image.png; path = litterlogin.png; sourceTree = "<group>"; };
		93E1B516184C194800DFF519 /* SVSTableViewController.h */ = {isa = PBXFileReference; fileEncoding = 4; lastKnownFileType = sourcecode.c.h; path = SVSTableViewController.h; sourceTree = "<group>"; };
		93E1B517184C194800DFF519 /* SVSTableViewController.m */ = {isa = PBXFileReference; fileEncoding = 4; lastKnownFileType = sourcecode.c.objc; path = SVSTableViewController.m; sourceTree = "<group>"; };
		93E1B519184C1AE100DFF519 /* SVSLoginViewController.h */ = {isa = PBXFileReference; fileEncoding = 4; lastKnownFileType = sourcecode.c.h; path = SVSLoginViewController.h; sourceTree = "<group>"; };
		93E1B51A184C1AE100DFF519 /* SVSLoginViewController.m */ = {isa = PBXFileReference; fileEncoding = 4; lastKnownFileType = sourcecode.c.objc; path = SVSLoginViewController.m; sourceTree = "<group>"; };
		93EF579A184F7A5D002CBC0C /* Litt.h */ = {isa = PBXFileReference; fileEncoding = 4; lastKnownFileType = sourcecode.c.h; path = Litt.h; sourceTree = "<group>"; };
		93EF579B184F7A5D002CBC0C /* Litt.m */ = {isa = PBXFileReference; fileEncoding = 4; lastKnownFileType = sourcecode.c.objc; path = Litt.m; sourceTree = "<group>"; };
		93EF579D184FA3BF002CBC0C /* SVSNewUserViewController.h */ = {isa = PBXFileReference; fileEncoding = 4; lastKnownFileType = sourcecode.c.h; path = SVSNewUserViewController.h; sourceTree = "<group>"; };
		93EF579E184FA3BF002CBC0C /* SVSNewUserViewController.m */ = {isa = PBXFileReference; fileEncoding = 4; lastKnownFileType = sourcecode.c.objc; path = SVSNewUserViewController.m; sourceTree = "<group>"; };
		93F11B76184BA042000BA076 /* Litter Mobile.app */ = {isa = PBXFileReference; explicitFileType = wrapper.application; includeInIndex = 0; path = "Litter Mobile.app"; sourceTree = BUILT_PRODUCTS_DIR; };
		93F11B79184BA042000BA076 /* Foundation.framework */ = {isa = PBXFileReference; lastKnownFileType = wrapper.framework; name = Foundation.framework; path = System/Library/Frameworks/Foundation.framework; sourceTree = SDKROOT; };
		93F11B7B184BA042000BA076 /* CoreGraphics.framework */ = {isa = PBXFileReference; lastKnownFileType = wrapper.framework; name = CoreGraphics.framework; path = System/Library/Frameworks/CoreGraphics.framework; sourceTree = SDKROOT; };
		93F11B7D184BA042000BA076 /* UIKit.framework */ = {isa = PBXFileReference; lastKnownFileType = wrapper.framework; name = UIKit.framework; path = System/Library/Frameworks/UIKit.framework; sourceTree = SDKROOT; };
		93F11B81184BA042000BA076 /* Litter Mobile-Info.plist */ = {isa = PBXFileReference; lastKnownFileType = text.plist.xml; path = "Litter Mobile-Info.plist"; sourceTree = "<group>"; };
		93F11B83184BA042000BA076 /* en */ = {isa = PBXFileReference; lastKnownFileType = text.plist.strings; name = en; path = en.lproj/InfoPlist.strings; sourceTree = "<group>"; };
		93F11B85184BA042000BA076 /* main.m */ = {isa = PBXFileReference; lastKnownFileType = sourcecode.c.objc; path = main.m; sourceTree = "<group>"; };
		93F11B87184BA042000BA076 /* Litter Mobile-Prefix.pch */ = {isa = PBXFileReference; lastKnownFileType = sourcecode.c.h; path = "Litter Mobile-Prefix.pch"; sourceTree = "<group>"; };
		93F11B88184BA042000BA076 /* SVSAppDelegate.h */ = {isa = PBXFileReference; lastKnownFileType = sourcecode.c.h; path = SVSAppDelegate.h; sourceTree = "<group>"; };
		93F11B89184BA042000BA076 /* SVSAppDelegate.m */ = {isa = PBXFileReference; lastKnownFileType = sourcecode.c.objc; path = SVSAppDelegate.m; sourceTree = "<group>"; };
		93F11B8C184BA042000BA076 /* Base */ = {isa = PBXFileReference; lastKnownFileType = file.storyboard; name = Base; path = Base.lproj/Main.storyboard; sourceTree = "<group>"; };
		93F11B91184BA042000BA076 /* Images.xcassets */ = {isa = PBXFileReference; lastKnownFileType = folder.assetcatalog; path = Images.xcassets; sourceTree = "<group>"; };
		93F11B97184BA042000BA076 /* Litter MobileTests.xctest */ = {isa = PBXFileReference; explicitFileType = wrapper.cfbundle; includeInIndex = 0; path = "Litter MobileTests.xctest"; sourceTree = BUILT_PRODUCTS_DIR; };
		93F11B98184BA042000BA076 /* XCTest.framework */ = {isa = PBXFileReference; lastKnownFileType = wrapper.framework; name = XCTest.framework; path = Library/Frameworks/XCTest.framework; sourceTree = DEVELOPER_DIR; };
		93F11BA0184BA042000BA076 /* Litter MobileTests-Info.plist */ = {isa = PBXFileReference; lastKnownFileType = text.plist.xml; path = "Litter MobileTests-Info.plist"; sourceTree = "<group>"; };
		93F11BA2184BA042000BA076 /* en */ = {isa = PBXFileReference; lastKnownFileType = text.plist.strings; name = en; path = en.lproj/InfoPlist.strings; sourceTree = "<group>"; };
		93F11BA4184BA042000BA076 /* Litter_MobileTests.m */ = {isa = PBXFileReference; lastKnownFileType = sourcecode.c.objc; path = Litter_MobileTests.m; sourceTree = "<group>"; };
		93F11BAE184BACAE000BA076 /* user_data.plist */ = {isa = PBXFileReference; fileEncoding = 4; lastKnownFileType = text.plist.xml; path = user_data.plist; sourceTree = "<group>"; };
/* End PBXFileReference section */

/* Begin PBXFrameworksBuildPhase section */
		93F11B73184BA042000BA076 /* Frameworks */ = {
			isa = PBXFrameworksBuildPhase;
			buildActionMask = 2147483647;
			files = (
				93F11B7C184BA042000BA076 /* CoreGraphics.framework in Frameworks */,
				93F11B7E184BA042000BA076 /* UIKit.framework in Frameworks */,
				93F11B7A184BA042000BA076 /* Foundation.framework in Frameworks */,
			);
			runOnlyForDeploymentPostprocessing = 0;
		};
		93F11B94184BA042000BA076 /* Frameworks */ = {
			isa = PBXFrameworksBuildPhase;
			buildActionMask = 2147483647;
			files = (
				93F11B99184BA042000BA076 /* XCTest.framework in Frameworks */,
				93F11B9B184BA042000BA076 /* UIKit.framework in Frameworks */,
				93F11B9A184BA042000BA076 /* Foundation.framework in Frameworks */,
			);
			runOnlyForDeploymentPostprocessing = 0;
		};
/* End PBXFrameworksBuildPhase section */

/* Begin PBXGroup section */
		93F11B6D184BA042000BA076 = {
			isa = PBXGroup;
			children = (
				93F11B7F184BA042000BA076 /* Litter Mobile */,
				93F11B9E184BA042000BA076 /* Litter MobileTests */,
				93F11B78184BA042000BA076 /* Frameworks */,
				93F11B77184BA042000BA076 /* Products */,
			);
			sourceTree = "<group>";
		};
		93F11B77184BA042000BA076 /* Products */ = {
			isa = PBXGroup;
			children = (
				93F11B76184BA042000BA076 /* Litter Mobile.app */,
				93F11B97184BA042000BA076 /* Litter MobileTests.xctest */,
			);
			name = Products;
			sourceTree = "<group>";
		};
		93F11B78184BA042000BA076 /* Frameworks */ = {
			isa = PBXGroup;
			children = (
				93F11B79184BA042000BA076 /* Foundation.framework */,
				93F11B7B184BA042000BA076 /* CoreGraphics.framework */,
				93F11B7D184BA042000BA076 /* UIKit.framework */,
				93F11B98184BA042000BA076 /* XCTest.framework */,
			);
			name = Frameworks;
			sourceTree = "<group>";
		};
		93F11B7F184BA042000BA076 /* Litter Mobile */ = {
			isa = PBXGroup;
			children = (
				93270D0F184EA949004CAC0B /* Model.xcdatamodeld */,
				935CDAA9185029BA0014B7C5 /* LittUser.h */,
				935CDAAA185029BA0014B7C5 /* LittUser.m */,
				93F11B88184BA042000BA076 /* SVSAppDelegate.h */,
				93F11B89184BA042000BA076 /* SVSAppDelegate.m */,
				93E1B519184C1AE100DFF519 /* SVSLoginViewController.h */,
				93E1B51A184C1AE100DFF519 /* SVSLoginViewController.m */,
				93F11B8B184BA042000BA076 /* Main.storyboard */,
				931084F8185000ED007A5E58 /* SVSDetailViewController.h */,
				931084F9185000ED007A5E58 /* SVSDetailViewController.m */,
				93E1B516184C194800DFF519 /* SVSTableViewController.h */,
				93E1B517184C194800DFF519 /* SVSTableViewController.m */,
				93EF579D184FA3BF002CBC0C /* SVSNewUserViewController.h */,
				93EF579E184FA3BF002CBC0C /* SVSNewUserViewController.m */,
				93F11B91184BA042000BA076 /* Images.xcassets */,
				93F11B80184BA042000BA076 /* Supporting Files */,
				93EF579A184F7A5D002CBC0C /* Litt.h */,
				93EF579B184F7A5D002CBC0C /* Litt.m */,
			);
			path = "Litter Mobile";
			sourceTree = "<group>";
		};
		93F11B80184BA042000BA076 /* Supporting Files */ = {
			isa = PBXGroup;
			children = (
				935CDAAC1851615B0014B7C5 /* litterlogin.png */,
				93F11B81184BA042000BA076 /* Litter Mobile-Info.plist */,
				93F11B82184BA042000BA076 /* InfoPlist.strings */,
				93F11B85184BA042000BA076 /* main.m */,
				93F11B87184BA042000BA076 /* Litter Mobile-Prefix.pch */,
				93F11BAE184BACAE000BA076 /* user_data.plist */,
			);
			name = "Supporting Files";
			sourceTree = "<group>";
		};
		93F11B9E184BA042000BA076 /* Litter MobileTests */ = {
			isa = PBXGroup;
			children = (
				93F11BA4184BA042000BA076 /* Litter_MobileTests.m */,
				93F11B9F184BA042000BA076 /* Supporting Files */,
			);
			path = "Litter MobileTests";
			sourceTree = "<group>";
		};
		93F11B9F184BA042000BA076 /* Supporting Files */ = {
			isa = PBXGroup;
			children = (
				93F11BA0184BA042000BA076 /* Litter MobileTests-Info.plist */,
				93F11BA1184BA042000BA076 /* InfoPlist.strings */,
			);
			name = "Supporting Files";
			sourceTree = "<group>";
		};
/* End PBXGroup section */

/* Begin PBXNativeTarget section */
		93F11B75184BA042000BA076 /* Litter Mobile */ = {
			isa = PBXNativeTarget;
			buildConfigurationList = 93F11BA8184BA042000BA076 /* Build configuration list for PBXNativeTarget "Litter Mobile" */;
			buildPhases = (
				93F11B72184BA042000BA076 /* Sources */,
				93F11B73184BA042000BA076 /* Frameworks */,
				93F11B74184BA042000BA076 /* Resources */,
			);
			buildRules = (
			);
			dependencies = (
			);
			name = "Litter Mobile";
			productName = "Litter Mobile";
			productReference = 93F11B76184BA042000BA076 /* Litter Mobile.app */;
			productType = "com.apple.product-type.application";
		};
		93F11B96184BA042000BA076 /* Litter MobileTests */ = {
			isa = PBXNativeTarget;
			buildConfigurationList = 93F11BAB184BA042000BA076 /* Build configuration list for PBXNativeTarget "Litter MobileTests" */;
			buildPhases = (
				93F11B93184BA042000BA076 /* Sources */,
				93F11B94184BA042000BA076 /* Frameworks */,
				93F11B95184BA042000BA076 /* Resources */,
			);
			buildRules = (
			);
			dependencies = (
				93F11B9D184BA042000BA076 /* PBXTargetDependency */,
			);
			name = "Litter MobileTests";
			productName = "Litter MobileTests";
			productReference = 93F11B97184BA042000BA076 /* Litter MobileTests.xctest */;
			productType = "com.apple.product-type.bundle.unit-test";
		};
/* End PBXNativeTarget section */

/* Begin PBXProject section */
		93F11B6E184BA042000BA076 /* Project object */ = {
			isa = PBXProject;
			attributes = {
				CLASSPREFIX = SVS;
				LastUpgradeCheck = 0500;
				ORGANIZATIONNAME = "Scott VonSchilling";
				TargetAttributes = {
					93F11B96184BA042000BA076 = {
						TestTargetID = 93F11B75184BA042000BA076;
					};
				};
			};
			buildConfigurationList = 93F11B71184BA042000BA076 /* Build configuration list for PBXProject "Litter Mobile" */;
			compatibilityVersion = "Xcode 3.2";
			developmentRegion = English;
			hasScannedForEncodings = 0;
			knownRegions = (
				en,
				Base,
			);
			mainGroup = 93F11B6D184BA042000BA076;
			productRefGroup = 93F11B77184BA042000BA076 /* Products */;
			projectDirPath = "";
			projectRoot = "";
			targets = (
				93F11B75184BA042000BA076 /* Litter Mobile */,
				93F11B96184BA042000BA076 /* Litter MobileTests */,
			);
		};
/* End PBXProject section */

/* Begin PBXResourcesBuildPhase section */
		93F11B74184BA042000BA076 /* Resources */ = {
			isa = PBXResourcesBuildPhase;
			buildActionMask = 2147483647;
			files = (
				93F11B92184BA042000BA076 /* Images.xcassets in Resources */,
				93F11BAF184BACAE000BA076 /* user_data.plist in Resources */,
				935CDAAD1851615B0014B7C5 /* litterlogin.png in Resources */,
				93F11B84184BA042000BA076 /* InfoPlist.strings in Resources */,
				93F11B8D184BA042000BA076 /* Main.storyboard in Resources */,
			);
			runOnlyForDeploymentPostprocessing = 0;
		};
		93F11B95184BA042000BA076 /* Resources */ = {
			isa = PBXResourcesBuildPhase;
			buildActionMask = 2147483647;
			files = (
				93F11BA3184BA042000BA076 /* InfoPlist.strings in Resources */,
			);
			runOnlyForDeploymentPostprocessing = 0;
		};
/* End PBXResourcesBuildPhase section */

/* Begin PBXSourcesBuildPhase section */
		93F11B72184BA042000BA076 /* Sources */ = {
			isa = PBXSourcesBuildPhase;
			buildActionMask = 2147483647;
			files = (
				93E1B51B184C1AE100DFF519 /* SVSLoginViewController.m in Sources */,
				935CDAAB185029BA0014B7C5 /* LittUser.m in Sources */,
				93EF579F184FA3BF002CBC0C /* SVSNewUserViewController.m in Sources */,
				93E1B518184C194800DFF519 /* SVSTableViewController.m in Sources */,
				93F11B86184BA042000BA076 /* main.m in Sources */,
				93F11B8A184BA042000BA076 /* SVSAppDelegate.m in Sources */,
				93EF579C184F7A5D002CBC0C /* Litt.m in Sources */,
				93270D11184EA949004CAC0B /* Model.xcdatamodeld in Sources */,
				931084FA185000ED007A5E58 /* SVSDetailViewController.m in Sources */,
			);
			runOnlyForDeploymentPostprocessing = 0;
		};
		93F11B93184BA042000BA076 /* Sources */ = {
			isa = PBXSourcesBuildPhase;
			buildActionMask = 2147483647;
			files = (
				93F11BA5184BA042000BA076 /* Litter_MobileTests.m in Sources */,
			);
			runOnlyForDeploymentPostprocessing = 0;
		};
/* End PBXSourcesBuildPhase section */

/* Begin PBXTargetDependency section */
		93F11B9D184BA042000BA076 /* PBXTargetDependency */ = {
			isa = PBXTargetDependency;
			target = 93F11B75184BA042000BA076 /* Litter Mobile */;
			targetProxy = 93F11B9C184BA042000BA076 /* PBXContainerItemProxy */;
		};
/* End PBXTargetDependency section */

/* Begin PBXVariantGroup section */
		93F11B82184BA042000BA076 /* InfoPlist.strings */ = {
			isa = PBXVariantGroup;
			children = (
				93F11B83184BA042000BA076 /* en */,
			);
			name = InfoPlist.strings;
			sourceTree = "<group>";
		};
		93F11B8B184BA042000BA076 /* Main.storyboard */ = {
			isa = PBXVariantGroup;
			children = (
				93F11B8C184BA042000BA076 /* Base */,
			);
			name = Main.storyboard;
			sourceTree = "<group>";
		};
		93F11BA1184BA042000BA076 /* InfoPlist.strings */ = {
			isa = PBXVariantGroup;
			children = (
				93F11BA2184BA042000BA076 /* en */,
			);
			name = InfoPlist.strings;
			sourceTree = "<group>";
		};
/* End PBXVariantGroup section */

/* Begin XCBuildConfiguration section */
		93F11BA6184BA042000BA076 /* Debug */ = {
			isa = XCBuildConfiguration;
			buildSettings = {
				ALWAYS_SEARCH_USER_PATHS = NO;
				ARCHS = "$(ARCHS_STANDARD_INCLUDING_64_BIT)";
				CLANG_CXX_LANGUAGE_STANDARD = "gnu++0x";
				CLANG_CXX_LIBRARY = "libc++";
				CLANG_ENABLE_MODULES = YES;
				CLANG_ENABLE_OBJC_ARC = YES;
				CLANG_WARN_BOOL_CONVERSION = YES;
				CLANG_WARN_CONSTANT_CONVERSION = YES;
				CLANG_WARN_DIRECT_OBJC_ISA_USAGE = YES_ERROR;
				CLANG_WARN_EMPTY_BODY = YES;
				CLANG_WARN_ENUM_CONVERSION = YES;
				CLANG_WARN_INT_CONVERSION = YES;
				CLANG_WARN_OBJC_ROOT_CLASS = YES_ERROR;
				CLANG_WARN__DUPLICATE_METHOD_MATCH = YES;
				"CODE_SIGN_IDENTITY[sdk=iphoneos*]" = "iPhone Developer";
				COPY_PHASE_STRIP = NO;
				GCC_C_LANGUAGE_STANDARD = gnu99;
				GCC_DYNAMIC_NO_PIC = NO;
				GCC_OPTIMIZATION_LEVEL = 0;
				GCC_PREPROCESSOR_DEFINITIONS = (
					"DEBUG=1",
					"$(inherited)",
				);
				GCC_SYMBOLS_PRIVATE_EXTERN = NO;
				GCC_WARN_64_TO_32_BIT_CONVERSION = YES;
				GCC_WARN_ABOUT_RETURN_TYPE = YES_ERROR;
				GCC_WARN_UNDECLARED_SELECTOR = YES;
				GCC_WARN_UNINITIALIZED_AUTOS = YES;
				GCC_WARN_UNUSED_FUNCTION = YES;
				GCC_WARN_UNUSED_VARIABLE = YES;
				IPHONEOS_DEPLOYMENT_TARGET = 7.0;
				ONLY_ACTIVE_ARCH = YES;
				SDKROOT = iphoneos;
			};
			name = Debug;
		};
		93F11BA7184BA042000BA076 /* Release */ = {
			isa = XCBuildConfiguration;
			buildSettings = {
				ALWAYS_SEARCH_USER_PATHS = NO;
				ARCHS = "$(ARCHS_STANDARD_INCLUDING_64_BIT)";
				CLANG_CXX_LANGUAGE_STANDARD = "gnu++0x";
				CLANG_CXX_LIBRARY = "libc++";
				CLANG_ENABLE_MODULES = YES;
				CLANG_ENABLE_OBJC_ARC = YES;
				CLANG_WARN_BOOL_CONVERSION = YES;
				CLANG_WARN_CONSTANT_CONVERSION = YES;
				CLANG_WARN_DIRECT_OBJC_ISA_USAGE = YES_ERROR;
				CLANG_WARN_EMPTY_BODY = YES;
				CLANG_WARN_ENUM_CONVERSION = YES;
				CLANG_WARN_INT_CONVERSION = YES;
				CLANG_WARN_OBJC_ROOT_CLASS = YES_ERROR;
				CLANG_WARN__DUPLICATE_METHOD_MATCH = YES;
				"CODE_SIGN_IDENTITY[sdk=iphoneos*]" = "iPhone Developer";
				COPY_PHASE_STRIP = YES;
				ENABLE_NS_ASSERTIONS = NO;
				GCC_C_LANGUAGE_STANDARD = gnu99;
				GCC_WARN_64_TO_32_BIT_CONVERSION = YES;
				GCC_WARN_ABOUT_RETURN_TYPE = YES_ERROR;
				GCC_WARN_UNDECLARED_SELECTOR = YES;
				GCC_WARN_UNINITIALIZED_AUTOS = YES;
				GCC_WARN_UNUSED_FUNCTION = YES;
				GCC_WARN_UNUSED_VARIABLE = YES;
				IPHONEOS_DEPLOYMENT_TARGET = 7.0;
				SDKROOT = iphoneos;
				VALIDATE_PRODUCT = YES;
			};
			name = Release;
		};
		93F11BA9184BA042000BA076 /* Debug */ = {
			isa = XCBuildConfiguration;
			buildSettings = {
				ASSETCATALOG_COMPILER_APPICON_NAME = AppIcon;
				ASSETCATALOG_COMPILER_LAUNCHIMAGE_NAME = LaunchImage;
				GCC_PRECOMPILE_PREFIX_HEADER = YES;
				GCC_PREFIX_HEADER = "Litter Mobile/Litter Mobile-Prefix.pch";
				INFOPLIST_FILE = "Litter Mobile/Litter Mobile-Info.plist";
				PRODUCT_NAME = "$(TARGET_NAME)";
				WRAPPER_EXTENSION = app;
			};
			name = Debug;
		};
		93F11BAA184BA042000BA076 /* Release */ = {
			isa = XCBuildConfiguration;
			buildSettings = {
				ASSETCATALOG_COMPILER_APPICON_NAME = AppIcon;
				ASSETCATALOG_COMPILER_LAUNCHIMAGE_NAME = LaunchImage;
				GCC_PRECOMPILE_PREFIX_HEADER = YES;
				GCC_PREFIX_HEADER = "Litter Mobile/Litter Mobile-Prefix.pch";
				INFOPLIST_FILE = "Litter Mobile/Litter Mobile-Info.plist";
				PRODUCT_NAME = "$(TARGET_NAME)";
				WRAPPER_EXTENSION = app;
			};
			name = Release;
		};
		93F11BAC184BA042000BA076 /* Debug */ = {
			isa = XCBuildConfiguration;
			buildSettings = {
				ARCHS = "$(ARCHS_STANDARD_INCLUDING_64_BIT)";
				BUNDLE_LOADER = "$(BUILT_PRODUCTS_DIR)/Litter Mobile.app/Litter Mobile";
				FRAMEWORK_SEARCH_PATHS = (
					"$(SDKROOT)/Developer/Library/Frameworks",
					"$(inherited)",
					"$(DEVELOPER_FRAMEWORKS_DIR)",
				);
				GCC_PRECOMPILE_PREFIX_HEADER = YES;
				GCC_PREFIX_HEADER = "Litter Mobile/Litter Mobile-Prefix.pch";
				GCC_PREPROCESSOR_DEFINITIONS = (
					"DEBUG=1",
					"$(inherited)",
				);
				INFOPLIST_FILE = "Litter MobileTests/Litter MobileTests-Info.plist";
				PRODUCT_NAME = "$(TARGET_NAME)";
				TEST_HOST = "$(BUNDLE_LOADER)";
				WRAPPER_EXTENSION = xctest;
			};
			name = Debug;
		};
		93F11BAD184BA042000BA076 /* Release */ = {
			isa = XCBuildConfiguration;
			buildSettings = {
				ARCHS = "$(ARCHS_STANDARD_INCLUDING_64_BIT)";
				BUNDLE_LOADER = "$(BUILT_PRODUCTS_DIR)/Litter Mobile.app/Litter Mobile";
				FRAMEWORK_SEARCH_PATHS = (
					"$(SDKROOT)/Developer/Library/Frameworks",
					"$(inherited)",
					"$(DEVELOPER_FRAMEWORKS_DIR)",
				);
				GCC_PRECOMPILE_PREFIX_HEADER = YES;
				GCC_PREFIX_HEADER = "Litter Mobile/Litter Mobile-Prefix.pch";
				INFOPLIST_FILE = "Litter MobileTests/Litter MobileTests-Info.plist";
				PRODUCT_NAME = "$(TARGET_NAME)";
				TEST_HOST = "$(BUNDLE_LOADER)";
				WRAPPER_EXTENSION = xctest;
			};
			name = Release;
		};
/* End XCBuildConfiguration section */

/* Begin XCConfigurationList section */
		93F11B71184BA042000BA076 /* Build configuration list for PBXProject "Litter Mobile" */ = {
			isa = XCConfigurationList;
			buildConfigurations = (
				93F11BA6184BA042000BA076 /* Debug */,
				93F11BA7184BA042000BA076 /* Release */,
			);
			defaultConfigurationIsVisible = 0;
			defaultConfigurationName = Release;
		};
		93F11BA8184BA042000BA076 /* Build configuration list for PBXNativeTarget "Litter Mobile" */ = {
			isa = XCConfigurationList;
			buildConfigurations = (
				93F11BA9184BA042000BA076 /* Debug */,
				93F11BAA184BA042000BA076 /* Release */,
			);
			defaultConfigurationIsVisible = 0;
			defaultConfigurationName = Release;
		};
		93F11BAB184BA042000BA076 /* Build configuration list for PBXNativeTarget "Litter MobileTests" */ = {
			isa = XCConfigurationList;
			buildConfigurations = (
				93F11BAC184BA042000BA076 /* Debug */,
				93F11BAD184BA042000BA076 /* Release */,
			);
			defaultConfigurationIsVisible = 0;
			defaultConfigurationName = Release;
		};
/* End XCConfigurationList section */

/* Begin XCVersionGroup section */
		93270D0F184EA949004CAC0B /* Model.xcdatamodeld */ = {
			isa = XCVersionGroup;
			children = (
				93270D10184EA949004CAC0B /* Model.xcdatamodel */,
			);
			currentVersion = 93270D10184EA949004CAC0B /* Model.xcdatamodel */;
			name = Model.xcdatamodeld;
			path = ../Model.xcdatamodeld;
			sourceTree = "<group>";
			versionGroupType = wrapper.xcdatamodel;
		};
/* End XCVersionGroup section */
	};
	rootObject = 93F11B6E184BA042000BA076 /* Project object */;
}
